
Microsoft Visual Studio Solution File, Format Version 12.00
# Visual Studio Version 17
VisualStudioVersion = 17.5.002.0
MinimumVisualStudioVersion = 10.0.40219.1
Project("{9A19103F-16F7-4668-BE54-9A1E7A4F7556}") = "LIVRARIAS SENAI", "LIVRARIAS SENAI.csproj", "{52E3E831-207C-4D3A-BC28-9035D4C3B603}"
EndProject
Global
	GlobalSection(SolutionConfigurationPlatforms) = preSolution
		Debug|Any CPU = Debug|Any CPU
		Release|Any CPU = Release|Any CPU
	EndGlobalSection
	GlobalSection(ProjectConfigurationPlatforms) = postSolution
		{52E3E831-207C-4D3A-BC28-9035D4C3B603}.Debug|Any CPU.ActiveCfg = Debug|Any CPU
		{52E3E831-207C-4D3A-BC28-9035D4C3B603}.Debug|Any CPU.Build.0 = Debug|Any CPU
		{52E3E831-207C-4D3A-BC28-9035D4C3B603}.Release|Any CPU.ActiveCfg = Release|Any CPU
		{52E3E831-207C-4D3A-BC28-9035D4C3B603}.Release|Any CPU.Build.0 = Release|Any CPU
	EndGlobalSection
	GlobalSection(SolutionProperties) = preSolution
		HideSolutionNode = FALSE
	EndGlobalSection
	GlobalSection(ExtensibilityGlobals) = postSolution
		SolutionGuid = {AEBD44C9-729C-4843-B4D6-424683A3592D}
	EndGlobalSection
EndGlobal
